// !$*UTF8*$!
{
	archiveVersion = 1;
	classes = {
	};
	objectVersion = 54;
	objects = {

/* Begin PBXBuildFile section */
		A5C55B4F283FAF2200FBEC4D /* BlackjackTest.swift in Sources */ = {isa = PBXBuildFile; fileRef = A5C55B4E283FAF2200FBEC4D /* BlackjackTest.swift */; };
		A5C55B55283FB05100FBEC4D /* Blackjack.swift in Sources */ = {isa = PBXBuildFile; fileRef = A5C55B54283FB05100FBEC4D /* Blackjack.swift */; };
		A5C55B56283FB05100FBEC4D /* Blackjack.swift in Sources */ = {isa = PBXBuildFile; fileRef = A5C55B54283FB05100FBEC4D /* Blackjack.swift */; };
		A5C55B58283FB0BC00FBEC4D /* Participant.swift in Sources */ = {isa = PBXBuildFile; fileRef = A5C55B57283FB0BC00FBEC4D /* Participant.swift */; };
		A5C55B59283FB0BC00FBEC4D /* Participant.swift in Sources */ = {isa = PBXBuildFile; fileRef = A5C55B57283FB0BC00FBEC4D /* Participant.swift */; };
		A5C55B5B283FB57200FBEC4D /* Card.swift in Sources */ = {isa = PBXBuildFile; fileRef = A5C55B5A283FB57200FBEC4D /* Card.swift */; };
		A5C55B5C283FB57200FBEC4D /* Card.swift in Sources */ = {isa = PBXBuildFile; fileRef = A5C55B5A283FB57200FBEC4D /* Card.swift */; };
		A5C55B5E283FB7D800FBEC4D /* BlackjackError.swift in Sources */ = {isa = PBXBuildFile; fileRef = A5C55B5D283FB7D800FBEC4D /* BlackjackError.swift */; };
		A5C55B5F283FB7D800FBEC4D /* BlackjackError.swift in Sources */ = {isa = PBXBuildFile; fileRef = A5C55B5D283FB7D800FBEC4D /* BlackjackError.swift */; };
		A5C55B62283FCB2F00FBEC4D /* BlackjackOutputView.swift in Sources */ = {isa = PBXBuildFile; fileRef = A5C55B61283FCB2F00FBEC4D /* BlackjackOutputView.swift */; };
		A5C55B65283FD40200FBEC4D /* BlackjackController.swift in Sources */ = {isa = PBXBuildFile; fileRef = A5C55B64283FD40200FBEC4D /* BlackjackController.swift */; };
		A5C55B67283FD43A00FBEC4D /* BlackjackInputView.swift in Sources */ = {isa = PBXBuildFile; fileRef = A5C55B66283FD43A00FBEC4D /* BlackjackInputView.swift */; };
		C7F86E1A273AAF7900FAA669 /* main.swift in Sources */ = {isa = PBXBuildFile; fileRef = C7F86E19273AAF7900FAA669 /* main.swift */; };
/* End PBXBuildFile section */

/* Begin PBXCopyFilesBuildPhase section */
		C7F86E14273AAF7900FAA669 /* CopyFiles */ = {
			isa = PBXCopyFilesBuildPhase;
			buildActionMask = 2147483647;
			dstPath = /usr/share/man/man1/;
			dstSubfolderSpec = 0;
			files = (
			);
			runOnlyForDeploymentPostprocessing = 1;
		};
/* End PBXCopyFilesBuildPhase section */

/* Begin PBXFileReference section */
		A5C55B4C283FAF2200FBEC4D /* BlackjackTest.xctest */ = {isa = PBXFileReference; explicitFileType = wrapper.cfbundle; includeInIndex = 0; path = BlackjackTest.xctest; sourceTree = BUILT_PRODUCTS_DIR; };
		A5C55B4E283FAF2200FBEC4D /* BlackjackTest.swift */ = {isa = PBXFileReference; lastKnownFileType = sourcecode.swift; path = BlackjackTest.swift; sourceTree = "<group>"; };
		A5C55B54283FB05100FBEC4D /* Blackjack.swift */ = {isa = PBXFileReference; lastKnownFileType = sourcecode.swift; path = Blackjack.swift; sourceTree = "<group>"; };
		A5C55B57283FB0BC00FBEC4D /* Participant.swift */ = {isa = PBXFileReference; lastKnownFileType = sourcecode.swift; path = Participant.swift; sourceTree = "<group>"; };
		A5C55B5A283FB57200FBEC4D /* Card.swift */ = {isa = PBXFileReference; lastKnownFileType = sourcecode.swift; path = Card.swift; sourceTree = "<group>"; };
		A5C55B5D283FB7D800FBEC4D /* BlackjackError.swift */ = {isa = PBXFileReference; lastKnownFileType = sourcecode.swift; path = BlackjackError.swift; sourceTree = "<group>"; };
		A5C55B61283FCB2F00FBEC4D /* BlackjackOutputView.swift */ = {isa = PBXFileReference; lastKnownFileType = sourcecode.swift; path = BlackjackOutputView.swift; sourceTree = "<group>"; };
		A5C55B64283FD40200FBEC4D /* BlackjackController.swift */ = {isa = PBXFileReference; lastKnownFileType = sourcecode.swift; path = BlackjackController.swift; sourceTree = "<group>"; };
		A5C55B66283FD43A00FBEC4D /* BlackjackInputView.swift */ = {isa = PBXFileReference; lastKnownFileType = sourcecode.swift; path = BlackjackInputView.swift; sourceTree = "<group>"; };
		C7F86E16273AAF7900FAA669 /* Blackjack */ = {isa = PBXFileReference; explicitFileType = "compiled.mach-o.executable"; includeInIndex = 0; path = Blackjack; sourceTree = BUILT_PRODUCTS_DIR; };
		C7F86E19273AAF7900FAA669 /* main.swift */ = {isa = PBXFileReference; lastKnownFileType = sourcecode.swift; path = main.swift; sourceTree = "<group>"; };
/* End PBXFileReference section */

/* Begin PBXFrameworksBuildPhase section */
		A5C55B49283FAF2200FBEC4D /* Frameworks */ = {
			isa = PBXFrameworksBuildPhase;
			buildActionMask = 2147483647;
			files = (
			);
			runOnlyForDeploymentPostprocessing = 0;
		};
		C7F86E13273AAF7900FAA669 /* Frameworks */ = {
			isa = PBXFrameworksBuildPhase;
			buildActionMask = 2147483647;
			files = (
			);
			runOnlyForDeploymentPostprocessing = 0;
		};
/* End PBXFrameworksBuildPhase section */

/* Begin PBXGroup section */
		A5C55B4D283FAF2200FBEC4D /* BlackjackTest */ = {
			isa = PBXGroup;
			children = (
				A5C55B4E283FAF2200FBEC4D /* BlackjackTest.swift */,
			);
			path = BlackjackTest;
			sourceTree = "<group>";
		};
		A5C55B53283FB04000FBEC4D /* Blackjack */ = {
			isa = PBXGroup;
			children = (
				A5C55B6828405E1000FBEC4D /* Domain */,
				A5C55B63283FD3F300FBEC4D /* Controller */,
				A5C55B60283FCB1900FBEC4D /* View */,
			);
			path = Blackjack;
			sourceTree = "<group>";
		};
		A5C55B60283FCB1900FBEC4D /* View */ = {
			isa = PBXGroup;
			children = (
				A5C55B61283FCB2F00FBEC4D /* BlackjackOutputView.swift */,
				A5C55B66283FD43A00FBEC4D /* BlackjackInputView.swift */,
			);
			path = View;
			sourceTree = "<group>";
		};
		A5C55B63283FD3F300FBEC4D /* Controller */ = {
			isa = PBXGroup;
			children = (
				A5C55B64283FD40200FBEC4D /* BlackjackController.swift */,
			);
			path = Controller;
			sourceTree = "<group>";
		};
		A5C55B6828405E1000FBEC4D /* Domain */ = {
			isa = PBXGroup;
			children = (
				A5C55B54283FB05100FBEC4D /* Blackjack.swift */,
				A5C55B57283FB0BC00FBEC4D /* Participant.swift */,
				A5C55B5A283FB57200FBEC4D /* Card.swift */,
				A5C55B5D283FB7D800FBEC4D /* BlackjackError.swift */,
			);
			path = Domain;
			sourceTree = "<group>";
		};
		C7F86E0D273AAF7900FAA669 = {
			isa = PBXGroup;
			children = (
				C7F86E18273AAF7900FAA669 /* Blackjack */,
				A5C55B4D283FAF2200FBEC4D /* BlackjackTest */,
				C7F86E17273AAF7900FAA669 /* Products */,
			);
			sourceTree = "<group>";
		};
		C7F86E17273AAF7900FAA669 /* Products */ = {
			isa = PBXGroup;
			children = (
				C7F86E16273AAF7900FAA669 /* Blackjack */,
				A5C55B4C283FAF2200FBEC4D /* BlackjackTest.xctest */,
			);
			name = Products;
			sourceTree = "<group>";
		};
		C7F86E18273AAF7900FAA669 /* Blackjack */ = {
			isa = PBXGroup;
			children = (
				A5C55B53283FB04000FBEC4D /* Blackjack */,
				C7F86E19273AAF7900FAA669 /* main.swift */,
			);
			path = Blackjack;
			sourceTree = "<group>";
		};
/* End PBXGroup section */

/* Begin PBXNativeTarget section */
		A5C55B4B283FAF2200FBEC4D /* BlackjackTest */ = {
			isa = PBXNativeTarget;
			buildConfigurationList = A5C55B52283FAF2200FBEC4D /* Build configuration list for PBXNativeTarget "BlackjackTest" */;
			buildPhases = (
				A5C55B48283FAF2200FBEC4D /* Sources */,
				A5C55B49283FAF2200FBEC4D /* Frameworks */,
				A5C55B4A283FAF2200FBEC4D /* Resources */,
			);
			buildRules = (
			);
			dependencies = (
			);
			name = BlackjackTest;
			productName = BlackjackTest;
			productReference = A5C55B4C283FAF2200FBEC4D /* BlackjackTest.xctest */;
			productType = "com.apple.product-type.bundle.unit-test";
		};
		C7F86E15273AAF7900FAA669 /* Blackjack */ = {
			isa = PBXNativeTarget;
			buildConfigurationList = C7F86E1D273AAF7900FAA669 /* Build configuration list for PBXNativeTarget "Blackjack" */;
			buildPhases = (
				C7F86E12273AAF7900FAA669 /* Sources */,
				C7F86E13273AAF7900FAA669 /* Frameworks */,
				C7F86E14273AAF7900FAA669 /* CopyFiles */,
			);
			buildRules = (
			);
			dependencies = (
			);
			name = Blackjack;
			productName = Blackjack;
			productReference = C7F86E16273AAF7900FAA669 /* Blackjack */;
			productType = "com.apple.product-type.tool";
		};
/* End PBXNativeTarget section */

/* Begin PBXProject section */
		C7F86E0E273AAF7900FAA669 /* Project object */ = {
			isa = PBXProject;
			attributes = {
				BuildIndependentTargetsInParallel = 1;
				LastSwiftUpdateCheck = 1320;
				LastUpgradeCheck = 1300;
				TargetAttributes = {
					A5C55B4B283FAF2200FBEC4D = {
						CreatedOnToolsVersion = 13.2.1;
					};
					C7F86E15273AAF7900FAA669 = {
						CreatedOnToolsVersion = 13.0;
					};
				};
			};
			buildConfigurationList = C7F86E11273AAF7900FAA669 /* Build configuration list for PBXProject "Blackjack" */;
			compatibilityVersion = "Xcode 12.0";
			developmentRegion = en;
			hasScannedForEncodings = 0;
			knownRegions = (
				en,
				Base,
			);
			mainGroup = C7F86E0D273AAF7900FAA669;
			productRefGroup = C7F86E17273AAF7900FAA669 /* Products */;
			projectDirPath = "";
			projectRoot = "";
			targets = (
				C7F86E15273AAF7900FAA669 /* Blackjack */,
				A5C55B4B283FAF2200FBEC4D /* BlackjackTest */,
			);
		};
/* End PBXProject section */

/* Begin PBXResourcesBuildPhase section */
		A5C55B4A283FAF2200FBEC4D /* Resources */ = {
			isa = PBXResourcesBuildPhase;
			buildActionMask = 2147483647;
			files = (
			);
			runOnlyForDeploymentPostprocessing = 0;
		};
/* End PBXResourcesBuildPhase section */

/* Begin PBXSourcesBuildPhase section */
		A5C55B48283FAF2200FBEC4D /* Sources */ = {
			isa = PBXSourcesBuildPhase;
			buildActionMask = 2147483647;
			files = (
				A5C55B56283FB05100FBEC4D /* Blackjack.swift in Sources */,
				A5C55B4F283FAF2200FBEC4D /* BlackjackTest.swift in Sources */,
				A5C55B5F283FB7D800FBEC4D /* BlackjackError.swift in Sources */,
				A5C55B59283FB0BC00FBEC4D /* Participant.swift in Sources */,
				A5C55B5C283FB57200FBEC4D /* Card.swift in Sources */,
			);
			runOnlyForDeploymentPostprocessing = 0;
		};
		C7F86E12273AAF7900FAA669 /* Sources */ = {
			isa = PBXSourcesBuildPhase;
			buildActionMask = 2147483647;
			files = (
				A5C55B55283FB05100FBEC4D /* Blackjack.swift in Sources */,
				A5C55B67283FD43A00FBEC4D /* BlackjackInputView.swift in Sources */,
				C7F86E1A273AAF7900FAA669 /* main.swift in Sources */,
				A5C55B65283FD40200FBEC4D /* BlackjackController.swift in Sources */,
				A5C55B5E283FB7D800FBEC4D /* BlackjackError.swift in Sources */,
				A5C55B58283FB0BC00FBEC4D /* Participant.swift in Sources */,
				A5C55B62283FCB2F00FBEC4D /* BlackjackOutputView.swift in Sources */,
				A5C55B5B283FB57200FBEC4D /* Card.swift in Sources */,
			);
			runOnlyForDeploymentPostprocessing = 0;
		};
/* End PBXSourcesBuildPhase section */

/* Begin XCBuildConfiguration section */
		A5C55B50283FAF2200FBEC4D /* Debug */ = {
			isa = XCBuildConfiguration;
			buildSettings = {
				CODE_SIGN_STYLE = Automatic;
				CURRENT_PROJECT_VERSION = 1;
				DEVELOPMENT_TEAM = QF5QAKW287;
				GENERATE_INFOPLIST_FILE = YES;
				MACOSX_DEPLOYMENT_TARGET = 12.1;
				MARKETING_VERSION = 1.0;
				PRODUCT_BUNDLE_IDENTIFIER = dev.woosub.BlackjackTest;
				PRODUCT_NAME = "$(TARGET_NAME)";
				SWIFT_EMIT_LOC_STRINGS = NO;
				SWIFT_VERSION = 5.0;
			};
			name = Debug;
		};
		A5C55B51283FAF2200FBEC4D /* Release */ = {
			isa = XCBuildConfiguration;
			buildSettings = {
				CODE_SIGN_STYLE = Automatic;
				CURRENT_PROJECT_VERSION = 1;
				DEVELOPMENT_TEAM = QF5QAKW287;
				GENERATE_INFOPLIST_FILE = YES;
				MACOSX_DEPLOYMENT_TARGET = 12.1;
				MARKETING_VERSION = 1.0;
				PRODUCT_BUNDLE_IDENTIFIER = dev.woosub.BlackjackTest;
				PRODUCT_NAME = "$(TARGET_NAME)";
				SWIFT_EMIT_LOC_STRINGS = NO;
				SWIFT_VERSION = 5.0;
			};
			name = Release;
		};
		C7F86E1B273AAF7900FAA669 /* Debug */ = {
			isa = XCBuildConfiguration;
			buildSettings = {
				ALWAYS_SEARCH_USER_PATHS = NO;
				CLANG_ANALYZER_NONNULL = YES;
				CLANG_ANALYZER_NUMBER_OBJECT_CONVERSION = YES_AGGRESSIVE;
				CLANG_CXX_LANGUAGE_STANDARD = "gnu++17";
				CLANG_CXX_LIBRARY = "libc++";
				CLANG_ENABLE_MODULES = YES;
				CLANG_ENABLE_OBJC_ARC = YES;
				CLANG_ENABLE_OBJC_WEAK = YES;
				CLANG_WARN_BLOCK_CAPTURE_AUTORELEASING = YES;
				CLANG_WARN_BOOL_CONVERSION = YES;
				CLANG_WARN_COMMA = YES;
				CLANG_WARN_CONSTANT_CONVERSION = YES;
				CLANG_WARN_DEPRECATED_OBJC_IMPLEMENTATIONS = YES;
				CLANG_WARN_DIRECT_OBJC_ISA_USAGE = YES_ERROR;
				CLANG_WARN_DOCUMENTATION_COMMENTS = YES;
				CLANG_WARN_EMPTY_BODY = YES;
				CLANG_WARN_ENUM_CONVERSION = YES;
				CLANG_WARN_INFINITE_RECURSION = YES;
				CLANG_WARN_INT_CONVERSION = YES;
				CLANG_WARN_NON_LITERAL_NULL_CONVERSION = YES;
				CLANG_WARN_OBJC_IMPLICIT_RETAIN_SELF = YES;
				CLANG_WARN_OBJC_LITERAL_CONVERSION = YES;
				CLANG_WARN_OBJC_ROOT_CLASS = YES_ERROR;
				CLANG_WARN_QUOTED_INCLUDE_IN_FRAMEWORK_HEADER = YES;
				CLANG_WARN_RANGE_LOOP_ANALYSIS = YES;
				CLANG_WARN_STRICT_PROTOTYPES = YES;
				CLANG_WARN_SUSPICIOUS_MOVE = YES;
				CLANG_WARN_UNGUARDED_AVAILABILITY = YES_AGGRESSIVE;
				CLANG_WARN_UNREACHABLE_CODE = YES;
				CLANG_WARN__DUPLICATE_METHOD_MATCH = YES;
				COPY_PHASE_STRIP = NO;
				DEBUG_INFORMATION_FORMAT = dwarf;
				ENABLE_STRICT_OBJC_MSGSEND = YES;
				ENABLE_TESTABILITY = YES;
				GCC_C_LANGUAGE_STANDARD = gnu11;
				GCC_DYNAMIC_NO_PIC = NO;
				GCC_NO_COMMON_BLOCKS = YES;
				GCC_OPTIMIZATION_LEVEL = 0;
				GCC_PREPROCESSOR_DEFINITIONS = (
					"DEBUG=1",
					"$(inherited)",
				);
				GCC_WARN_64_TO_32_BIT_CONVERSION = YES;
				GCC_WARN_ABOUT_RETURN_TYPE = YES_ERROR;
				GCC_WARN_UNDECLARED_SELECTOR = YES;
				GCC_WARN_UNINITIALIZED_AUTOS = YES_AGGRESSIVE;
				GCC_WARN_UNUSED_FUNCTION = YES;
				GCC_WARN_UNUSED_VARIABLE = YES;
				MACOSX_DEPLOYMENT_TARGET = 10.15;
				MTL_ENABLE_DEBUG_INFO = INCLUDE_SOURCE;
				MTL_FAST_MATH = YES;
				ONLY_ACTIVE_ARCH = YES;
				SDKROOT = macosx;
				SWIFT_ACTIVE_COMPILATION_CONDITIONS = DEBUG;
				SWIFT_OPTIMIZATION_LEVEL = "-Onone";
			};
			name = Debug;
		};
		C7F86E1C273AAF7900FAA669 /* Release */ = {
			isa = XCBuildConfiguration;
			buildSettings = {
				ALWAYS_SEARCH_USER_PATHS = NO;
				CLANG_ANALYZER_NONNULL = YES;
				CLANG_ANALYZER_NUMBER_OBJECT_CONVERSION = YES_AGGRESSIVE;
				CLANG_CXX_LANGUAGE_STANDARD = "gnu++17";
				CLANG_CXX_LIBRARY = "libc++";
				CLANG_ENABLE_MODULES = YES;
				CLANG_ENABLE_OBJC_ARC = YES;
				CLANG_ENABLE_OBJC_WEAK = YES;
				CLANG_WARN_BLOCK_CAPTURE_AUTORELEASING = YES;
				CLANG_WARN_BOOL_CONVERSION = YES;
				CLANG_WARN_COMMA = YES;
				CLANG_WARN_CONSTANT_CONVERSION = YES;
				CLANG_WARN_DEPRECATED_OBJC_IMPLEMENTATIONS = YES;
				CLANG_WARN_DIRECT_OBJC_ISA_USAGE = YES_ERROR;
				CLANG_WARN_DOCUMENTATION_COMMENTS = YES;
				CLANG_WARN_EMPTY_BODY = YES;
				CLANG_WARN_ENUM_CONVERSION = YES;
				CLANG_WARN_INFINITE_RECURSION = YES;
				CLANG_WARN_INT_CONVERSION = YES;
				CLANG_WARN_NON_LITERAL_NULL_CONVERSION = YES;
				CLANG_WARN_OBJC_IMPLICIT_RETAIN_SELF = YES;
				CLANG_WARN_OBJC_LITERAL_CONVERSION = YES;
				CLANG_WARN_OBJC_ROOT_CLASS = YES_ERROR;
				CLANG_WARN_QUOTED_INCLUDE_IN_FRAMEWORK_HEADER = YES;
				CLANG_WARN_RANGE_LOOP_ANALYSIS = YES;
				CLANG_WARN_STRICT_PROTOTYPES = YES;
				CLANG_WARN_SUSPICIOUS_MOVE = YES;
				CLANG_WARN_UNGUARDED_AVAILABILITY = YES_AGGRESSIVE;
				CLANG_WARN_UNREACHABLE_CODE = YES;
				CLANG_WARN__DUPLICATE_METHOD_MATCH = YES;
				COPY_PHASE_STRIP = NO;
				DEBUG_INFORMATION_FORMAT = "dwarf-with-dsym";
				ENABLE_NS_ASSERTIONS = NO;
				ENABLE_STRICT_OBJC_MSGSEND = YES;
				GCC_C_LANGUAGE_STANDARD = gnu11;
				GCC_NO_COMMON_BLOCKS = YES;
				GCC_WARN_64_TO_32_BIT_CONVERSION = YES;
				GCC_WARN_ABOUT_RETURN_TYPE = YES_ERROR;
				GCC_WARN_UNDECLARED_SELECTOR = YES;
				GCC_WARN_UNINITIALIZED_AUTOS = YES_AGGRESSIVE;
				GCC_WARN_UNUSED_FUNCTION = YES;
				GCC_WARN_UNUSED_VARIABLE = YES;
				MACOSX_DEPLOYMENT_TARGET = 10.15;
				MTL_ENABLE_DEBUG_INFO = NO;
				MTL_FAST_MATH = YES;
				SDKROOT = macosx;
				SWIFT_COMPILATION_MODE = wholemodule;
				SWIFT_OPTIMIZATION_LEVEL = "-O";
			};
			name = Release;
		};
		C7F86E1E273AAF7900FAA669 /* Debug */ = {
			isa = XCBuildConfiguration;
			buildSettings = {
				CODE_SIGN_STYLE = Automatic;
				PRODUCT_NAME = "$(TARGET_NAME)";
				SWIFT_VERSION = 5.0;
			};
			name = Debug;
		};
		C7F86E1F273AAF7900FAA669 /* Release */ = {
			isa = XCBuildConfiguration;
			buildSettings = {
				CODE_SIGN_STYLE = Automatic;
				PRODUCT_NAME = "$(TARGET_NAME)";
				SWIFT_VERSION = 5.0;
			};
			name = Release;
		};
/* End XCBuildConfiguration section */

/* Begin XCConfigurationList section */
		A5C55B52283FAF2200FBEC4D /* Build configuration list for PBXNativeTarget "BlackjackTest" */ = {
			isa = XCConfigurationList;
			buildConfigurations = (
				A5C55B50283FAF2200FBEC4D /* Debug */,
				A5C55B51283FAF2200FBEC4D /* Release */,
			);
			defaultConfigurationIsVisible = 0;
			defaultConfigurationName = Release;
		};
		C7F86E11273AAF7900FAA669 /* Build configuration list for PBXProject "Blackjack" */ = {
			isa = XCConfigurationList;
			buildConfigurations = (
				C7F86E1B273AAF7900FAA669 /* Debug */,
				C7F86E1C273AAF7900FAA669 /* Release */,
			);
			defaultConfigurationIsVisible = 0;
			defaultConfigurationName = Release;
		};
		C7F86E1D273AAF7900FAA669 /* Build configuration list for PBXNativeTarget "Blackjack" */ = {
			isa = XCConfigurationList;
			buildConfigurations = (
				C7F86E1E273AAF7900FAA669 /* Debug */,
				C7F86E1F273AAF7900FAA669 /* Release */,
			);
			defaultConfigurationIsVisible = 0;
			defaultConfigurationName = Release;
		};
/* End XCConfigurationList section */
	};
	rootObject = C7F86E0E273AAF7900FAA669 /* Project object */;
}
