// !$*UTF8*$!
{
	archiveVersion = 1;
	classes = {
	};
	objectVersion = 54;
	objects = {

/* Begin PBXBuildFile section */
		5182213D274E85E9009F0CDC /* Winning.swift in Sources */ = {isa = PBXBuildFile; fileRef = 5182213C274E85E9009F0CDC /* Winning.swift */; };
		5182213E274E85F3009F0CDC /* Winning.swift in Sources */ = {isa = PBXBuildFile; fileRef = 5182213C274E85E9009F0CDC /* Winning.swift */; };
		5185CABA2743BC1600B73A9F /* Array+Extension.swift in Sources */ = {isa = PBXBuildFile; fileRef = 5185CAB92743BC1600B73A9F /* Array+Extension.swift */; };
		5185CABB2743C32500B73A9F /* Array+Extension.swift in Sources */ = {isa = PBXBuildFile; fileRef = 5185CAB92743BC1600B73A9F /* Array+Extension.swift */; };
		5199579B273FF5E4001DD993 /* BlackjackTest.swift in Sources */ = {isa = PBXBuildFile; fileRef = 5199579A273FF5E4001DD993 /* BlackjackTest.swift */; };
		5199579F273FF5F5001DD993 /* main.swift in Sources */ = {isa = PBXBuildFile; fileRef = C7F86E19273AAF7900FAA669 /* main.swift */; };
		519957A1273FFA9C001DD993 /* Dealer.swift in Sources */ = {isa = PBXBuildFile; fileRef = 519957A0273FFA9C001DD993 /* Dealer.swift */; };
		519957A2273FFA9F001DD993 /* Dealer.swift in Sources */ = {isa = PBXBuildFile; fileRef = 519957A0273FFA9C001DD993 /* Dealer.swift */; };
		519957A5274002ED001DD993 /* BlackjackCard.swift in Sources */ = {isa = PBXBuildFile; fileRef = 519957A4274002ED001DD993 /* BlackjackCard.swift */; };
		519957A6274002F5001DD993 /* BlackjackCard.swift in Sources */ = {isa = PBXBuildFile; fileRef = 519957A4274002ED001DD993 /* BlackjackCard.swift */; };
		519957A82740F4B0001DD993 /* Player.swift in Sources */ = {isa = PBXBuildFile; fileRef = 519957A72740F4AF001DD993 /* Player.swift */; };
		519957A92740F4C4001DD993 /* Player.swift in Sources */ = {isa = PBXBuildFile; fileRef = 519957A72740F4AF001DD993 /* Player.swift */; };
		519957AC27410194001DD993 /* BlackjackError.swift in Sources */ = {isa = PBXBuildFile; fileRef = 519957AB27410194001DD993 /* BlackjackError.swift */; };
		519957AF274101C6001DD993 /* BlackjackOption.swift in Sources */ = {isa = PBXBuildFile; fileRef = 519957AE274101C6001DD993 /* BlackjackOption.swift */; };
		519957B027410243001DD993 /* BlackjackError.swift in Sources */ = {isa = PBXBuildFile; fileRef = 519957AB27410194001DD993 /* BlackjackError.swift */; };
		519957B127410287001DD993 /* BlackjackOption.swift in Sources */ = {isa = PBXBuildFile; fileRef = 519957AE274101C6001DD993 /* BlackjackOption.swift */; };
		519957B3274134A0001DD993 /* GameResult.swift in Sources */ = {isa = PBXBuildFile; fileRef = 519957B2274134A0001DD993 /* GameResult.swift */; };
		519957B427413652001DD993 /* GameResult.swift in Sources */ = {isa = PBXBuildFile; fileRef = 519957B2274134A0001DD993 /* GameResult.swift */; };
		519957B62741420E001DD993 /* BlackjackGame.swift in Sources */ = {isa = PBXBuildFile; fileRef = 519957B52741420D001DD993 /* BlackjackGame.swift */; };
		519957B72741425B001DD993 /* BlackjackGame.swift in Sources */ = {isa = PBXBuildFile; fileRef = 519957B52741420D001DD993 /* BlackjackGame.swift */; };
		519957BA27415A0C001DD993 /* StubInputView.swift in Sources */ = {isa = PBXBuildFile; fileRef = 519957B927415A0C001DD993 /* StubInputView.swift */; };
		519957BD27415A17001DD993 /* InputView.swift in Sources */ = {isa = PBXBuildFile; fileRef = 519957BC27415A17001DD993 /* InputView.swift */; };
		519957BE27415A25001DD993 /* InputView.swift in Sources */ = {isa = PBXBuildFile; fileRef = 519957BC27415A17001DD993 /* InputView.swift */; };
		519957C127415CFF001DD993 /* InputName.swift in Sources */ = {isa = PBXBuildFile; fileRef = 519957C027415CFF001DD993 /* InputName.swift */; };
		519957C427415DE9001DD993 /* InputName.swift in Sources */ = {isa = PBXBuildFile; fileRef = 519957C027415CFF001DD993 /* InputName.swift */; };
		519957C72742766A001DD993 /* ResultView.swift in Sources */ = {isa = PBXBuildFile; fileRef = 519957C62742766A001DD993 /* ResultView.swift */; };
		519957C927427673001DD993 /* StubResultView.swift in Sources */ = {isa = PBXBuildFile; fileRef = 519957C827427673001DD993 /* StubResultView.swift */; };
		519957CA27427CB8001DD993 /* ResultView.swift in Sources */ = {isa = PBXBuildFile; fileRef = 519957C62742766A001DD993 /* ResultView.swift */; };
		51C0FEAA274A0E0E00205921 /* CardScoreCalculator.swift in Sources */ = {isa = PBXBuildFile; fileRef = 51C0FEA9274A0E0E00205921 /* CardScoreCalculator.swift */; };
		51C0FEAC274A105000205921 /* Deck.swift in Sources */ = {isa = PBXBuildFile; fileRef = 51C0FEAB274A105000205921 /* Deck.swift */; };
		51C0FEAD274A10F700205921 /* CardScoreCalculator.swift in Sources */ = {isa = PBXBuildFile; fileRef = 51C0FEA9274A0E0E00205921 /* CardScoreCalculator.swift */; };
		51C0FEAE274A181A00205921 /* Deck.swift in Sources */ = {isa = PBXBuildFile; fileRef = 51C0FEAB274A105000205921 /* Deck.swift */; };
		51C0FEB0274A19E900205921 /* CardPack.swift in Sources */ = {isa = PBXBuildFile; fileRef = 51C0FEAF274A19E900205921 /* CardPack.swift */; };
		51C0FEB1274A1A0500205921 /* CardPack.swift in Sources */ = {isa = PBXBuildFile; fileRef = 51C0FEAF274A19E900205921 /* CardPack.swift */; };
		51C0FEB5274A7C3400205921 /* PlayerResult.swift in Sources */ = {isa = PBXBuildFile; fileRef = 51C0FEB4274A7C3400205921 /* PlayerResult.swift */; };
		51C0FEB6274A7E7100205921 /* PlayerResult.swift in Sources */ = {isa = PBXBuildFile; fileRef = 51C0FEB4274A7C3400205921 /* PlayerResult.swift */; };
		51C0FEC4274BD64800205921 /* PlayResultDecider.swift in Sources */ = {isa = PBXBuildFile; fileRef = 51C0FEC3274BD64800205921 /* PlayResultDecider.swift */; };
		51C0FEC5274BDBB800205921 /* PlayResultDecider.swift in Sources */ = {isa = PBXBuildFile; fileRef = 51C0FEC3274BD64800205921 /* PlayResultDecider.swift */; };
		51C0FEC7274BDD2E00205921 /* DealerResult.swift in Sources */ = {isa = PBXBuildFile; fileRef = 51C0FEC6274BDD2E00205921 /* DealerResult.swift */; };
		51C0FEC8274BDD4400205921 /* DealerResult.swift in Sources */ = {isa = PBXBuildFile; fileRef = 51C0FEC6274BDD2E00205921 /* DealerResult.swift */; };
		51C0FECA274BE33900205921 /* PlayResult.swift in Sources */ = {isa = PBXBuildFile; fileRef = 51C0FEC9274BE33900205921 /* PlayResult.swift */; };
		51C0FECB274BE35000205921 /* PlayResult.swift in Sources */ = {isa = PBXBuildFile; fileRef = 51C0FEC9274BE33900205921 /* PlayResult.swift */; };
		C7F86E1A273AAF7900FAA669 /* main.swift in Sources */ = {isa = PBXBuildFile; fileRef = C7F86E19273AAF7900FAA669 /* main.swift */; };
/* End PBXBuildFile section */

/* Begin PBXCopyFilesBuildPhase section */
		C7F86E14273AAF7900FAA669 /* CopyFiles */ = {
			isa = PBXCopyFilesBuildPhase;
			buildActionMask = 2147483647;
			dstPath = /usr/share/man/man1/;
			dstSubfolderSpec = 0;
			files = (
			);
			runOnlyForDeploymentPostprocessing = 1;
		};
/* End PBXCopyFilesBuildPhase section */

/* Begin PBXFileReference section */
		5182213C274E85E9009F0CDC /* Winning.swift */ = {isa = PBXFileReference; lastKnownFileType = sourcecode.swift; path = Winning.swift; sourceTree = "<group>"; };
		5185CAB92743BC1600B73A9F /* Array+Extension.swift */ = {isa = PBXFileReference; lastKnownFileType = sourcecode.swift; path = "Array+Extension.swift"; sourceTree = "<group>"; };
		51995798273FF5E4001DD993 /* BlackjackTest.xctest */ = {isa = PBXFileReference; explicitFileType = wrapper.cfbundle; includeInIndex = 0; path = BlackjackTest.xctest; sourceTree = BUILT_PRODUCTS_DIR; };
		5199579A273FF5E4001DD993 /* BlackjackTest.swift */ = {isa = PBXFileReference; lastKnownFileType = sourcecode.swift; path = BlackjackTest.swift; sourceTree = "<group>"; };
		519957A0273FFA9C001DD993 /* Dealer.swift */ = {isa = PBXFileReference; lastKnownFileType = sourcecode.swift; path = Dealer.swift; sourceTree = "<group>"; };
		519957A4274002ED001DD993 /* BlackjackCard.swift */ = {isa = PBXFileReference; lastKnownFileType = sourcecode.swift; path = BlackjackCard.swift; sourceTree = "<group>"; };
		519957A72740F4AF001DD993 /* Player.swift */ = {isa = PBXFileReference; lastKnownFileType = sourcecode.swift; path = Player.swift; sourceTree = "<group>"; };
		519957AB27410194001DD993 /* BlackjackError.swift */ = {isa = PBXFileReference; lastKnownFileType = sourcecode.swift; path = BlackjackError.swift; sourceTree = "<group>"; };
		519957AE274101C6001DD993 /* BlackjackOption.swift */ = {isa = PBXFileReference; lastKnownFileType = sourcecode.swift; path = BlackjackOption.swift; sourceTree = "<group>"; };
		519957B2274134A0001DD993 /* GameResult.swift */ = {isa = PBXFileReference; lastKnownFileType = sourcecode.swift; path = GameResult.swift; sourceTree = "<group>"; };
		519957B52741420D001DD993 /* BlackjackGame.swift */ = {isa = PBXFileReference; lastKnownFileType = sourcecode.swift; path = BlackjackGame.swift; sourceTree = "<group>"; };
		519957B927415A0C001DD993 /* StubInputView.swift */ = {isa = PBXFileReference; lastKnownFileType = sourcecode.swift; path = StubInputView.swift; sourceTree = "<group>"; };
		519957BC27415A17001DD993 /* InputView.swift */ = {isa = PBXFileReference; lastKnownFileType = sourcecode.swift; path = InputView.swift; sourceTree = "<group>"; };
		519957C027415CFF001DD993 /* InputName.swift */ = {isa = PBXFileReference; lastKnownFileType = sourcecode.swift; path = InputName.swift; sourceTree = "<group>"; };
		519957C62742766A001DD993 /* ResultView.swift */ = {isa = PBXFileReference; lastKnownFileType = sourcecode.swift; path = ResultView.swift; sourceTree = "<group>"; };
		519957C827427673001DD993 /* StubResultView.swift */ = {isa = PBXFileReference; lastKnownFileType = sourcecode.swift; path = StubResultView.swift; sourceTree = "<group>"; };
		51C0FEA9274A0E0E00205921 /* CardScoreCalculator.swift */ = {isa = PBXFileReference; lastKnownFileType = sourcecode.swift; path = CardScoreCalculator.swift; sourceTree = "<group>"; };
		51C0FEAB274A105000205921 /* Deck.swift */ = {isa = PBXFileReference; lastKnownFileType = sourcecode.swift; path = Deck.swift; sourceTree = "<group>"; };
		51C0FEAF274A19E900205921 /* CardPack.swift */ = {isa = PBXFileReference; lastKnownFileType = sourcecode.swift; path = CardPack.swift; sourceTree = "<group>"; };
		51C0FEB4274A7C3400205921 /* PlayerResult.swift */ = {isa = PBXFileReference; lastKnownFileType = sourcecode.swift; path = PlayerResult.swift; sourceTree = "<group>"; };
		51C0FEC3274BD64800205921 /* PlayResultDecider.swift */ = {isa = PBXFileReference; lastKnownFileType = sourcecode.swift; path = PlayResultDecider.swift; sourceTree = "<group>"; };
		51C0FEC6274BDD2E00205921 /* DealerResult.swift */ = {isa = PBXFileReference; lastKnownFileType = sourcecode.swift; path = DealerResult.swift; sourceTree = "<group>"; };
		51C0FEC9274BE33900205921 /* PlayResult.swift */ = {isa = PBXFileReference; lastKnownFileType = sourcecode.swift; path = PlayResult.swift; sourceTree = "<group>"; };
		C7F86E16273AAF7900FAA669 /* Blackjack */ = {isa = PBXFileReference; explicitFileType = "compiled.mach-o.executable"; includeInIndex = 0; path = Blackjack; sourceTree = BUILT_PRODUCTS_DIR; };
		C7F86E19273AAF7900FAA669 /* main.swift */ = {isa = PBXFileReference; lastKnownFileType = sourcecode.swift; path = main.swift; sourceTree = "<group>"; };
/* End PBXFileReference section */

/* Begin PBXFrameworksBuildPhase section */
		51995795273FF5E4001DD993 /* Frameworks */ = {
			isa = PBXFrameworksBuildPhase;
			buildActionMask = 2147483647;
			files = (
			);
			runOnlyForDeploymentPostprocessing = 0;
		};
		C7F86E13273AAF7900FAA669 /* Frameworks */ = {
			isa = PBXFrameworksBuildPhase;
			buildActionMask = 2147483647;
			files = (
			);
			runOnlyForDeploymentPostprocessing = 0;
		};
/* End PBXFrameworksBuildPhase section */

/* Begin PBXGroup section */
		5185CAB82743BC0000B73A9F /* Extensions */ = {
			isa = PBXGroup;
			children = (
				5185CAB92743BC1600B73A9F /* Array+Extension.swift */,
			);
			path = Extensions;
			sourceTree = "<group>";
		};
		51995799273FF5E4001DD993 /* BlackjackTest */ = {
			isa = PBXGroup;
			children = (
				519957B8274159FF001DD993 /* Stubs */,
				5199579A273FF5E4001DD993 /* BlackjackTest.swift */,
			);
			path = BlackjackTest;
			sourceTree = "<group>";
		};
		519957A3274002DC001DD993 /* Entities */ = {
			isa = PBXGroup;
			children = (
				519957A4274002ED001DD993 /* BlackjackCard.swift */,
				519957B2274134A0001DD993 /* GameResult.swift */,
				519957C027415CFF001DD993 /* InputName.swift */,
				51C0FEAB274A105000205921 /* Deck.swift */,
				51C0FEAF274A19E900205921 /* CardPack.swift */,
				51C0FEB4274A7C3400205921 /* PlayerResult.swift */,
				51C0FEC6274BDD2E00205921 /* DealerResult.swift */,
				51C0FEC9274BE33900205921 /* PlayResult.swift */,
				5182213C274E85E9009F0CDC /* Winning.swift */,
			);
			path = Entities;
			sourceTree = "<group>";
		};
		519957AA27410185001DD993 /* Errors */ = {
			isa = PBXGroup;
			children = (
				519957AB27410194001DD993 /* BlackjackError.swift */,
			);
			path = Errors;
			sourceTree = "<group>";
		};
		519957AD274101BA001DD993 /* Options */ = {
			isa = PBXGroup;
			children = (
				519957AE274101C6001DD993 /* BlackjackOption.swift */,
			);
			path = Options;
			sourceTree = "<group>";
		};
		519957B8274159FF001DD993 /* Stubs */ = {
			isa = PBXGroup;
			children = (
				519957B927415A0C001DD993 /* StubInputView.swift */,
				519957C827427673001DD993 /* StubResultView.swift */,
			);
			path = Stubs;
			sourceTree = "<group>";
		};
		519957BB27415A0F001DD993 /* Views */ = {
			isa = PBXGroup;
			children = (
				519957BC27415A17001DD993 /* InputView.swift */,
				519957C62742766A001DD993 /* ResultView.swift */,
			);
			path = Views;
			sourceTree = "<group>";
		};
		C7F86E0D273AAF7900FAA669 = {
			isa = PBXGroup;
			children = (
				C7F86E18273AAF7900FAA669 /* Blackjack */,
				51995799273FF5E4001DD993 /* BlackjackTest */,
				C7F86E17273AAF7900FAA669 /* Products */,
			);
			sourceTree = "<group>";
		};
		C7F86E17273AAF7900FAA669 /* Products */ = {
			isa = PBXGroup;
			children = (
				C7F86E16273AAF7900FAA669 /* Blackjack */,
				51995798273FF5E4001DD993 /* BlackjackTest.xctest */,
			);
			name = Products;
			sourceTree = "<group>";
		};
		C7F86E18273AAF7900FAA669 /* Blackjack */ = {
			isa = PBXGroup;
			children = (
				519957BB27415A0F001DD993 /* Views */,
				519957AD274101BA001DD993 /* Options */,
				519957AA27410185001DD993 /* Errors */,
				519957A3274002DC001DD993 /* Entities */,
				5185CAB82743BC0000B73A9F /* Extensions */,
				519957A0273FFA9C001DD993 /* Dealer.swift */,
				519957A72740F4AF001DD993 /* Player.swift */,
				519957B52741420D001DD993 /* BlackjackGame.swift */,
				51C0FEA9274A0E0E00205921 /* CardScoreCalculator.swift */,
				51C0FEC3274BD64800205921 /* PlayResultDecider.swift */,
				C7F86E19273AAF7900FAA669 /* main.swift */,
			);
			path = Blackjack;
			sourceTree = "<group>";
		};
/* End PBXGroup section */

/* Begin PBXNativeTarget section */
		51995797273FF5E4001DD993 /* BlackjackTest */ = {
			isa = PBXNativeTarget;
			buildConfigurationList = 5199579E273FF5E4001DD993 /* Build configuration list for PBXNativeTarget "BlackjackTest" */;
			buildPhases = (
				51995794273FF5E4001DD993 /* Sources */,
				51995795273FF5E4001DD993 /* Frameworks */,
				51995796273FF5E4001DD993 /* Resources */,
			);
			buildRules = (
			);
			dependencies = (
			);
			name = BlackjackTest;
			productName = BlackjackTest;
			productReference = 51995798273FF5E4001DD993 /* BlackjackTest.xctest */;
			productType = "com.apple.product-type.bundle.unit-test";
		};
		C7F86E15273AAF7900FAA669 /* Blackjack */ = {
			isa = PBXNativeTarget;
			buildConfigurationList = C7F86E1D273AAF7900FAA669 /* Build configuration list for PBXNativeTarget "Blackjack" */;
			buildPhases = (
				C7F86E12273AAF7900FAA669 /* Sources */,
				C7F86E13273AAF7900FAA669 /* Frameworks */,
				C7F86E14273AAF7900FAA669 /* CopyFiles */,
			);
			buildRules = (
			);
			dependencies = (
			);
			name = Blackjack;
			productName = Blackjack;
			productReference = C7F86E16273AAF7900FAA669 /* Blackjack */;
			productType = "com.apple.product-type.tool";
		};
/* End PBXNativeTarget section */

/* Begin PBXProject section */
		C7F86E0E273AAF7900FAA669 /* Project object */ = {
			isa = PBXProject;
			attributes = {
				BuildIndependentTargetsInParallel = 1;
				LastSwiftUpdateCheck = 1310;
				LastUpgradeCheck = 1300;
				TargetAttributes = {
					51995797273FF5E4001DD993 = {
						CreatedOnToolsVersion = 13.1;
					};
					C7F86E15273AAF7900FAA669 = {
						CreatedOnToolsVersion = 13.0;
					};
				};
			};
			buildConfigurationList = C7F86E11273AAF7900FAA669 /* Build configuration list for PBXProject "Blackjack" */;
			compatibilityVersion = "Xcode 12.0";
			developmentRegion = en;
			hasScannedForEncodings = 0;
			knownRegions = (
				en,
				Base,
			);
			mainGroup = C7F86E0D273AAF7900FAA669;
			productRefGroup = C7F86E17273AAF7900FAA669 /* Products */;
			projectDirPath = "";
			projectRoot = "";
			targets = (
				C7F86E15273AAF7900FAA669 /* Blackjack */,
				51995797273FF5E4001DD993 /* BlackjackTest */,
			);
		};
/* End PBXProject section */

/* Begin PBXResourcesBuildPhase section */
		51995796273FF5E4001DD993 /* Resources */ = {
			isa = PBXResourcesBuildPhase;
			buildActionMask = 2147483647;
			files = (
			);
			runOnlyForDeploymentPostprocessing = 0;
		};
/* End PBXResourcesBuildPhase section */

/* Begin PBXSourcesBuildPhase section */
		51995794273FF5E4001DD993 /* Sources */ = {
			isa = PBXSourcesBuildPhase;
			buildActionMask = 2147483647;
			files = (
				5199579F273FF5F5001DD993 /* main.swift in Sources */,
				51C0FEB6274A7E7100205921 /* PlayerResult.swift in Sources */,
				519957B72741425B001DD993 /* BlackjackGame.swift in Sources */,
				5182213E274E85F3009F0CDC /* Winning.swift in Sources */,
				519957CA27427CB8001DD993 /* ResultView.swift in Sources */,
				51C0FECB274BE35000205921 /* PlayResult.swift in Sources */,
				5199579B273FF5E4001DD993 /* BlackjackTest.swift in Sources */,
				51C0FEAD274A10F700205921 /* CardScoreCalculator.swift in Sources */,
				519957C927427673001DD993 /* StubResultView.swift in Sources */,
				519957A6274002F5001DD993 /* BlackjackCard.swift in Sources */,
				51C0FEC8274BDD4400205921 /* DealerResult.swift in Sources */,
				519957A92740F4C4001DD993 /* Player.swift in Sources */,
				5185CABB2743C32500B73A9F /* Array+Extension.swift in Sources */,
				51C0FEC5274BDBB800205921 /* PlayResultDecider.swift in Sources */,
				519957BA27415A0C001DD993 /* StubInputView.swift in Sources */,
				519957B427413652001DD993 /* GameResult.swift in Sources */,
				519957A2273FFA9F001DD993 /* Dealer.swift in Sources */,
				51C0FEB1274A1A0500205921 /* CardPack.swift in Sources */,
				519957BE27415A25001DD993 /* InputView.swift in Sources */,
				519957B127410287001DD993 /* BlackjackOption.swift in Sources */,
				51C0FEAE274A181A00205921 /* Deck.swift in Sources */,
				519957B027410243001DD993 /* BlackjackError.swift in Sources */,
				519957C427415DE9001DD993 /* InputName.swift in Sources */,
			);
			runOnlyForDeploymentPostprocessing = 0;
		};
		C7F86E12273AAF7900FAA669 /* Sources */ = {
			isa = PBXSourcesBuildPhase;
			buildActionMask = 2147483647;
			files = (
				51C0FEB0274A19E900205921 /* CardPack.swift in Sources */,
				51C0FEAC274A105000205921 /* Deck.swift in Sources */,
				519957A82740F4B0001DD993 /* Player.swift in Sources */,
				51C0FEC4274BD64800205921 /* PlayResultDecider.swift in Sources */,
				519957B3274134A0001DD993 /* GameResult.swift in Sources */,
				519957A1273FFA9C001DD993 /* Dealer.swift in Sources */,
				519957AC27410194001DD993 /* BlackjackError.swift in Sources */,
				51C0FEAA274A0E0E00205921 /* CardScoreCalculator.swift in Sources */,
				51C0FEB5274A7C3400205921 /* PlayerResult.swift in Sources */,
				519957AF274101C6001DD993 /* BlackjackOption.swift in Sources */,
				519957C72742766A001DD993 /* ResultView.swift in Sources */,
				519957A5274002ED001DD993 /* BlackjackCard.swift in Sources */,
				519957BD27415A17001DD993 /* InputView.swift in Sources */,
				51C0FECA274BE33900205921 /* PlayResult.swift in Sources */,
				519957C127415CFF001DD993 /* InputName.swift in Sources */,
				519957B62741420E001DD993 /* BlackjackGame.swift in Sources */,
				5185CABA2743BC1600B73A9F /* Array+Extension.swift in Sources */,
				C7F86E1A273AAF7900FAA669 /* main.swift in Sources */,
				5182213D274E85E9009F0CDC /* Winning.swift in Sources */,
				51C0FEC7274BDD2E00205921 /* DealerResult.swift in Sources */,
			);
			runOnlyForDeploymentPostprocessing = 0;
		};
/* End PBXSourcesBuildPhase section */

/* Begin XCBuildConfiguration section */
		5199579C273FF5E4001DD993 /* Debug */ = {
			isa = XCBuildConfiguration;
			buildSettings = {
				CODE_SIGN_STYLE = Automatic;
				COMBINE_HIDPI_IMAGES = YES;
				CURRENT_PROJECT_VERSION = 1;
				GENERATE_INFOPLIST_FILE = YES;
				LD_RUNPATH_SEARCH_PATHS = (
					"$(inherited)",
					"@executable_path/../Frameworks",
					"@loader_path/../Frameworks",
				);
				MACOSX_DEPLOYMENT_TARGET = 12.0;
				MARKETING_VERSION = 1.0;
				PRODUCT_BUNDLE_IDENTIFIER = mephrine.study.BlackjackTest;
				PRODUCT_NAME = "$(TARGET_NAME)";
				SWIFT_EMIT_LOC_STRINGS = NO;
				SWIFT_VERSION = 5.0;
			};
			name = Debug;
		};
		5199579D273FF5E4001DD993 /* Release */ = {
			isa = XCBuildConfiguration;
			buildSettings = {
				CODE_SIGN_STYLE = Automatic;
				COMBINE_HIDPI_IMAGES = YES;
				CURRENT_PROJECT_VERSION = 1;
				GENERATE_INFOPLIST_FILE = YES;
				LD_RUNPATH_SEARCH_PATHS = (
					"$(inherited)",
					"@executable_path/../Frameworks",
					"@loader_path/../Frameworks",
				);
				MACOSX_DEPLOYMENT_TARGET = 12.0;
				MARKETING_VERSION = 1.0;
				PRODUCT_BUNDLE_IDENTIFIER = mephrine.study.BlackjackTest;
				PRODUCT_NAME = "$(TARGET_NAME)";
				SWIFT_EMIT_LOC_STRINGS = NO;
				SWIFT_VERSION = 5.0;
			};
			name = Release;
		};
		C7F86E1B273AAF7900FAA669 /* Debug */ = {
			isa = XCBuildConfiguration;
			buildSettings = {
				ALWAYS_SEARCH_USER_PATHS = NO;
				CLANG_ANALYZER_NONNULL = YES;
				CLANG_ANALYZER_NUMBER_OBJECT_CONVERSION = YES_AGGRESSIVE;
				CLANG_CXX_LANGUAGE_STANDARD = "gnu++17";
				CLANG_CXX_LIBRARY = "libc++";
				CLANG_ENABLE_MODULES = YES;
				CLANG_ENABLE_OBJC_ARC = YES;
				CLANG_ENABLE_OBJC_WEAK = YES;
				CLANG_WARN_BLOCK_CAPTURE_AUTORELEASING = YES;
				CLANG_WARN_BOOL_CONVERSION = YES;
				CLANG_WARN_COMMA = YES;
				CLANG_WARN_CONSTANT_CONVERSION = YES;
				CLANG_WARN_DEPRECATED_OBJC_IMPLEMENTATIONS = YES;
				CLANG_WARN_DIRECT_OBJC_ISA_USAGE = YES_ERROR;
				CLANG_WARN_DOCUMENTATION_COMMENTS = YES;
				CLANG_WARN_EMPTY_BODY = YES;
				CLANG_WARN_ENUM_CONVERSION = YES;
				CLANG_WARN_INFINITE_RECURSION = YES;
				CLANG_WARN_INT_CONVERSION = YES;
				CLANG_WARN_NON_LITERAL_NULL_CONVERSION = YES;
				CLANG_WARN_OBJC_IMPLICIT_RETAIN_SELF = YES;
				CLANG_WARN_OBJC_LITERAL_CONVERSION = YES;
				CLANG_WARN_OBJC_ROOT_CLASS = YES_ERROR;
				CLANG_WARN_QUOTED_INCLUDE_IN_FRAMEWORK_HEADER = YES;
				CLANG_WARN_RANGE_LOOP_ANALYSIS = YES;
				CLANG_WARN_STRICT_PROTOTYPES = YES;
				CLANG_WARN_SUSPICIOUS_MOVE = YES;
				CLANG_WARN_UNGUARDED_AVAILABILITY = YES_AGGRESSIVE;
				CLANG_WARN_UNREACHABLE_CODE = YES;
				CLANG_WARN__DUPLICATE_METHOD_MATCH = YES;
				COPY_PHASE_STRIP = NO;
				DEBUG_INFORMATION_FORMAT = dwarf;
				ENABLE_STRICT_OBJC_MSGSEND = YES;
				ENABLE_TESTABILITY = YES;
				GCC_C_LANGUAGE_STANDARD = gnu11;
				GCC_DYNAMIC_NO_PIC = NO;
				GCC_NO_COMMON_BLOCKS = YES;
				GCC_OPTIMIZATION_LEVEL = 0;
				GCC_PREPROCESSOR_DEFINITIONS = (
					"DEBUG=1",
					"$(inherited)",
				);
				GCC_WARN_64_TO_32_BIT_CONVERSION = YES;
				GCC_WARN_ABOUT_RETURN_TYPE = YES_ERROR;
				GCC_WARN_UNDECLARED_SELECTOR = YES;
				GCC_WARN_UNINITIALIZED_AUTOS = YES_AGGRESSIVE;
				GCC_WARN_UNUSED_FUNCTION = YES;
				GCC_WARN_UNUSED_VARIABLE = YES;
				MACOSX_DEPLOYMENT_TARGET = 10.15;
				MTL_ENABLE_DEBUG_INFO = INCLUDE_SOURCE;
				MTL_FAST_MATH = YES;
				ONLY_ACTIVE_ARCH = YES;
				SDKROOT = macosx;
				SWIFT_ACTIVE_COMPILATION_CONDITIONS = DEBUG;
				SWIFT_OPTIMIZATION_LEVEL = "-Onone";
			};
			name = Debug;
		};
		C7F86E1C273AAF7900FAA669 /* Release */ = {
			isa = XCBuildConfiguration;
			buildSettings = {
				ALWAYS_SEARCH_USER_PATHS = NO;
				CLANG_ANALYZER_NONNULL = YES;
				CLANG_ANALYZER_NUMBER_OBJECT_CONVERSION = YES_AGGRESSIVE;
				CLANG_CXX_LANGUAGE_STANDARD = "gnu++17";
				CLANG_CXX_LIBRARY = "libc++";
				CLANG_ENABLE_MODULES = YES;
				CLANG_ENABLE_OBJC_ARC = YES;
				CLANG_ENABLE_OBJC_WEAK = YES;
				CLANG_WARN_BLOCK_CAPTURE_AUTORELEASING = YES;
				CLANG_WARN_BOOL_CONVERSION = YES;
				CLANG_WARN_COMMA = YES;
				CLANG_WARN_CONSTANT_CONVERSION = YES;
				CLANG_WARN_DEPRECATED_OBJC_IMPLEMENTATIONS = YES;
				CLANG_WARN_DIRECT_OBJC_ISA_USAGE = YES_ERROR;
				CLANG_WARN_DOCUMENTATION_COMMENTS = YES;
				CLANG_WARN_EMPTY_BODY = YES;
				CLANG_WARN_ENUM_CONVERSION = YES;
				CLANG_WARN_INFINITE_RECURSION = YES;
				CLANG_WARN_INT_CONVERSION = YES;
				CLANG_WARN_NON_LITERAL_NULL_CONVERSION = YES;
				CLANG_WARN_OBJC_IMPLICIT_RETAIN_SELF = YES;
				CLANG_WARN_OBJC_LITERAL_CONVERSION = YES;
				CLANG_WARN_OBJC_ROOT_CLASS = YES_ERROR;
				CLANG_WARN_QUOTED_INCLUDE_IN_FRAMEWORK_HEADER = YES;
				CLANG_WARN_RANGE_LOOP_ANALYSIS = YES;
				CLANG_WARN_STRICT_PROTOTYPES = YES;
				CLANG_WARN_SUSPICIOUS_MOVE = YES;
				CLANG_WARN_UNGUARDED_AVAILABILITY = YES_AGGRESSIVE;
				CLANG_WARN_UNREACHABLE_CODE = YES;
				CLANG_WARN__DUPLICATE_METHOD_MATCH = YES;
				COPY_PHASE_STRIP = NO;
				DEBUG_INFORMATION_FORMAT = "dwarf-with-dsym";
				ENABLE_NS_ASSERTIONS = NO;
				ENABLE_STRICT_OBJC_MSGSEND = YES;
				GCC_C_LANGUAGE_STANDARD = gnu11;
				GCC_NO_COMMON_BLOCKS = YES;
				GCC_WARN_64_TO_32_BIT_CONVERSION = YES;
				GCC_WARN_ABOUT_RETURN_TYPE = YES_ERROR;
				GCC_WARN_UNDECLARED_SELECTOR = YES;
				GCC_WARN_UNINITIALIZED_AUTOS = YES_AGGRESSIVE;
				GCC_WARN_UNUSED_FUNCTION = YES;
				GCC_WARN_UNUSED_VARIABLE = YES;
				MACOSX_DEPLOYMENT_TARGET = 10.15;
				MTL_ENABLE_DEBUG_INFO = NO;
				MTL_FAST_MATH = YES;
				SDKROOT = macosx;
				SWIFT_COMPILATION_MODE = wholemodule;
				SWIFT_OPTIMIZATION_LEVEL = "-O";
			};
			name = Release;
		};
		C7F86E1E273AAF7900FAA669 /* Debug */ = {
			isa = XCBuildConfiguration;
			buildSettings = {
				CODE_SIGN_STYLE = Automatic;
				PRODUCT_NAME = "$(TARGET_NAME)";
				SWIFT_VERSION = 5.0;
			};
			name = Debug;
		};
		C7F86E1F273AAF7900FAA669 /* Release */ = {
			isa = XCBuildConfiguration;
			buildSettings = {
				CODE_SIGN_STYLE = Automatic;
				PRODUCT_NAME = "$(TARGET_NAME)";
				SWIFT_VERSION = 5.0;
			};
			name = Release;
		};
/* End XCBuildConfiguration section */

/* Begin XCConfigurationList section */
		5199579E273FF5E4001DD993 /* Build configuration list for PBXNativeTarget "BlackjackTest" */ = {
			isa = XCConfigurationList;
			buildConfigurations = (
				5199579C273FF5E4001DD993 /* Debug */,
				5199579D273FF5E4001DD993 /* Release */,
			);
			defaultConfigurationIsVisible = 0;
			defaultConfigurationName = Release;
		};
		C7F86E11273AAF7900FAA669 /* Build configuration list for PBXProject "Blackjack" */ = {
			isa = XCConfigurationList;
			buildConfigurations = (
				C7F86E1B273AAF7900FAA669 /* Debug */,
				C7F86E1C273AAF7900FAA669 /* Release */,
			);
			defaultConfigurationIsVisible = 0;
			defaultConfigurationName = Release;
		};
		C7F86E1D273AAF7900FAA669 /* Build configuration list for PBXNativeTarget "Blackjack" */ = {
			isa = XCConfigurationList;
			buildConfigurations = (
				C7F86E1E273AAF7900FAA669 /* Debug */,
				C7F86E1F273AAF7900FAA669 /* Release */,
			);
			defaultConfigurationIsVisible = 0;
			defaultConfigurationName = Release;
		};
/* End XCConfigurationList section */
	};
	rootObject = C7F86E0E273AAF7900FAA669 /* Project object */;
}
